// !$*UTF8*$!
{
	archiveVersion = 1;
	classes = {
	};
	objectVersion = 56;
	objects = {

/* Begin PBXBuildFile section */
		8E184672292CE51000B27B65 /* PWSimpleCalendarViewFlowLayout.m in Sources */ = {isa = PBXBuildFile; fileRef = 8E184667292CE51000B27B65 /* PWSimpleCalendarViewFlowLayout.m */; };
		8E184673292CE51000B27B65 /* PWSimpleCalendarView.m in Sources */ = {isa = PBXBuildFile; fileRef = 8E184668292CE51000B27B65 /* PWSimpleCalendarView.m */; };
		8E184674292CE51000B27B65 /* PWSimpleCalendarViewCell.m in Sources */ = {isa = PBXBuildFile; fileRef = 8E18466F292CE51000B27B65 /* PWSimpleCalendarViewCell.m */; };
		8E184675292CE51000B27B65 /* PWSimpleCalendarViewWeekdayHeader.m in Sources */ = {isa = PBXBuildFile; fileRef = 8E184670292CE51000B27B65 /* PWSimpleCalendarViewWeekdayHeader.m */; };
		8E184676292CE51000B27B65 /* PWSimpleCalendarViewHeader.m in Sources */ = {isa = PBXBuildFile; fileRef = 8E184671292CE51000B27B65 /* PWSimpleCalendarViewHeader.m */; };
		8EB83ECC2927A0DC009B8762 /* AppDelegate.m in Sources */ = {isa = PBXBuildFile; fileRef = 8EB83ECB2927A0DC009B8762 /* AppDelegate.m */; };
		8EB83ECF2927A0DC009B8762 /* SceneDelegate.m in Sources */ = {isa = PBXBuildFile; fileRef = 8EB83ECE2927A0DC009B8762 /* SceneDelegate.m */; };
		8EB83ED22927A0DC009B8762 /* ViewController.m in Sources */ = {isa = PBXBuildFile; fileRef = 8EB83ED12927A0DC009B8762 /* ViewController.m */; };
		8EB83ED52927A0DC009B8762 /* Main.storyboard in Resources */ = {isa = PBXBuildFile; fileRef = 8EB83ED32927A0DC009B8762 /* Main.storyboard */; };
		8EB83ED72927A0DC009B8762 /* Assets.xcassets in Resources */ = {isa = PBXBuildFile; fileRef = 8EB83ED62927A0DC009B8762 /* Assets.xcassets */; };
		8EB83EDA2927A0DC009B8762 /* LaunchScreen.storyboard in Resources */ = {isa = PBXBuildFile; fileRef = 8EB83ED82927A0DC009B8762 /* LaunchScreen.storyboard */; };
		8EB83EDD2927A0DC009B8762 /* main.m in Sources */ = {isa = PBXBuildFile; fileRef = 8EB83EDC2927A0DC009B8762 /* main.m */; };
		8EB83EE72927A0DC009B8762 /* CalendarDemoTests.m in Sources */ = {isa = PBXBuildFile; fileRef = 8EB83EE62927A0DC009B8762 /* CalendarDemoTests.m */; };
		8EB83EF12927A0DD009B8762 /* CalendarDemoUITests.m in Sources */ = {isa = PBXBuildFile; fileRef = 8EB83EF02927A0DD009B8762 /* CalendarDemoUITests.m */; };
		8EB83EF32927A0DD009B8762 /* CalendarDemoUITestsLaunchTests.m in Sources */ = {isa = PBXBuildFile; fileRef = 8EB83EF22927A0DD009B8762 /* CalendarDemoUITestsLaunchTests.m */; };
/* End PBXBuildFile section */

/* Begin PBXContainerItemProxy section */
		8EB83EE32927A0DC009B8762 /* PBXContainerItemProxy */ = {
			isa = PBXContainerItemProxy;
			containerPortal = 8EB83EBF2927A0DC009B8762 /* Project object */;
			proxyType = 1;
			remoteGlobalIDString = 8EB83EC62927A0DC009B8762;
			remoteInfo = CalendarDemo;
		};
		8EB83EED2927A0DD009B8762 /* PBXContainerItemProxy */ = {
			isa = PBXContainerItemProxy;
			containerPortal = 8EB83EBF2927A0DC009B8762 /* Project object */;
			proxyType = 1;
			remoteGlobalIDString = 8EB83EC62927A0DC009B8762;
			remoteInfo = CalendarDemo;
		};
/* End PBXContainerItemProxy section */

/* Begin PBXFileReference section */
		8E184667292CE51000B27B65 /* PWSimpleCalendarViewFlowLayout.m */ = {isa = PBXFileReference; fileEncoding = 4; lastKnownFileType = sourcecode.c.objc; path = PWSimpleCalendarViewFlowLayout.m; sourceTree = "<group>"; };
		8E184668292CE51000B27B65 /* PWSimpleCalendarView.m */ = {isa = PBXFileReference; fileEncoding = 4; lastKnownFileType = sourcecode.c.objc; path = PWSimpleCalendarView.m; sourceTree = "<group>"; };
		8E184669292CE51000B27B65 /* PWSimpleCalendar.h */ = {isa = PBXFileReference; fileEncoding = 4; lastKnownFileType = sourcecode.c.h; path = PWSimpleCalendar.h; sourceTree = "<group>"; };
		8E18466A292CE51000B27B65 /* PWSimpleCalendarViewHeader.h */ = {isa = PBXFileReference; fileEncoding = 4; lastKnownFileType = sourcecode.c.h; path = PWSimpleCalendarViewHeader.h; sourceTree = "<group>"; };
		8E18466B292CE51000B27B65 /* PWSimpleCalendarViewWeekdayHeader.h */ = {isa = PBXFileReference; fileEncoding = 4; lastKnownFileType = sourcecode.c.h; path = PWSimpleCalendarViewWeekdayHeader.h; sourceTree = "<group>"; };
		8E18466C292CE51000B27B65 /* PWSimpleCalendarViewCell.h */ = {isa = PBXFileReference; fileEncoding = 4; lastKnownFileType = sourcecode.c.h; path = PWSimpleCalendarViewCell.h; sourceTree = "<group>"; };
		8E18466D292CE51000B27B65 /* PWSimpleCalendarView.h */ = {isa = PBXFileReference; fileEncoding = 4; lastKnownFileType = sourcecode.c.h; path = PWSimpleCalendarView.h; sourceTree = "<group>"; };
		8E18466E292CE51000B27B65 /* PWSimpleCalendarViewFlowLayout.h */ = {isa = PBXFileReference; fileEncoding = 4; lastKnownFileType = sourcecode.c.h; path = PWSimpleCalendarViewFlowLayout.h; sourceTree = "<group>"; };
		8E18466F292CE51000B27B65 /* PWSimpleCalendarViewCell.m */ = {isa = PBXFileReference; fileEncoding = 4; lastKnownFileType = sourcecode.c.objc; path = PWSimpleCalendarViewCell.m; sourceTree = "<group>"; };
		8E184670292CE51000B27B65 /* PWSimpleCalendarViewWeekdayHeader.m */ = {isa = PBXFileReference; fileEncoding = 4; lastKnownFileType = sourcecode.c.objc; path = PWSimpleCalendarViewWeekdayHeader.m; sourceTree = "<group>"; };
		8E184671292CE51000B27B65 /* PWSimpleCalendarViewHeader.m */ = {isa = PBXFileReference; fileEncoding = 4; lastKnownFileType = sourcecode.c.objc; path = PWSimpleCalendarViewHeader.m; sourceTree = "<group>"; };
		8EB83EC72927A0DC009B8762 /* CalendarDemo.app */ = {isa = PBXFileReference; explicitFileType = wrapper.application; includeInIndex = 0; path = CalendarDemo.app; sourceTree = BUILT_PRODUCTS_DIR; };
		8EB83ECA2927A0DC009B8762 /* AppDelegate.h */ = {isa = PBXFileReference; lastKnownFileType = sourcecode.c.h; path = AppDelegate.h; sourceTree = "<group>"; };
		8EB83ECB2927A0DC009B8762 /* AppDelegate.m */ = {isa = PBXFileReference; lastKnownFileType = sourcecode.c.objc; path = AppDelegate.m; sourceTree = "<group>"; };
		8EB83ECD2927A0DC009B8762 /* SceneDelegate.h */ = {isa = PBXFileReference; lastKnownFileType = sourcecode.c.h; path = SceneDelegate.h; sourceTree = "<group>"; };
		8EB83ECE2927A0DC009B8762 /* SceneDelegate.m */ = {isa = PBXFileReference; lastKnownFileType = sourcecode.c.objc; path = SceneDelegate.m; sourceTree = "<group>"; };
		8EB83ED02927A0DC009B8762 /* ViewController.h */ = {isa = PBXFileReference; lastKnownFileType = sourcecode.c.h; path = ViewController.h; sourceTree = "<group>"; };
		8EB83ED12927A0DC009B8762 /* ViewController.m */ = {isa = PBXFileReference; lastKnownFileType = sourcecode.c.objc; path = ViewController.m; sourceTree = "<group>"; };
		8EB83ED42927A0DC009B8762 /* Base */ = {isa = PBXFileReference; lastKnownFileType = file.storyboard; name = Base; path = Base.lproj/Main.storyboard; sourceTree = "<group>"; };
		8EB83ED62927A0DC009B8762 /* Assets.xcassets */ = {isa = PBXFileReference; lastKnownFileType = folder.assetcatalog; path = Assets.xcassets; sourceTree = "<group>"; };
		8EB83ED92927A0DC009B8762 /* Base */ = {isa = PBXFileReference; lastKnownFileType = file.storyboard; name = Base; path = Base.lproj/LaunchScreen.storyboard; sourceTree = "<group>"; };
		8EB83EDB2927A0DC009B8762 /* Info.plist */ = {isa = PBXFileReference; lastKnownFileType = text.plist.xml; path = Info.plist; sourceTree = "<group>"; };
		8EB83EDC2927A0DC009B8762 /* main.m */ = {isa = PBXFileReference; lastKnownFileType = sourcecode.c.objc; path = main.m; sourceTree = "<group>"; };
		8EB83EE22927A0DC009B8762 /* CalendarDemoTests.xctest */ = {isa = PBXFileReference; explicitFileType = wrapper.cfbundle; includeInIndex = 0; path = CalendarDemoTests.xctest; sourceTree = BUILT_PRODUCTS_DIR; };
		8EB83EE62927A0DC009B8762 /* CalendarDemoTests.m */ = {isa = PBXFileReference; lastKnownFileType = sourcecode.c.objc; path = CalendarDemoTests.m; sourceTree = "<group>"; };
		8EB83EEC2927A0DD009B8762 /* CalendarDemoUITests.xctest */ = {isa = PBXFileReference; explicitFileType = wrapper.cfbundle; includeInIndex = 0; path = CalendarDemoUITests.xctest; sourceTree = BUILT_PRODUCTS_DIR; };
		8EB83EF02927A0DD009B8762 /* CalendarDemoUITests.m */ = {isa = PBXFileReference; lastKnownFileType = sourcecode.c.objc; path = CalendarDemoUITests.m; sourceTree = "<group>"; };
		8EB83EF22927A0DD009B8762 /* CalendarDemoUITestsLaunchTests.m */ = {isa = PBXFileReference; lastKnownFileType = sourcecode.c.objc; path = CalendarDemoUITestsLaunchTests.m; sourceTree = "<group>"; };
/* End PBXFileReference section */

/* Begin PBXFrameworksBuildPhase section */
		8EB83EC42927A0DC009B8762 /* Frameworks */ = {
			isa = PBXFrameworksBuildPhase;
			buildActionMask = 2147483647;
			files = (
			);
			runOnlyForDeploymentPostprocessing = 0;
		};
		8EB83EDF2927A0DC009B8762 /* Frameworks */ = {
			isa = PBXFrameworksBuildPhase;
			buildActionMask = 2147483647;
			files = (
			);
			runOnlyForDeploymentPostprocessing = 0;
		};
		8EB83EE92927A0DD009B8762 /* Frameworks */ = {
			isa = PBXFrameworksBuildPhase;
			buildActionMask = 2147483647;
			files = (
			);
			runOnlyForDeploymentPostprocessing = 0;
		};
/* End PBXFrameworksBuildPhase section */

/* Begin PBXGroup section */
		8E184666292CE51000B27B65 /* PWSimpleCalendar */ = {
			isa = PBXGroup;
			children = (
				8E184667292CE51000B27B65 /* PWSimpleCalendarViewFlowLayout.m */,
				8E184668292CE51000B27B65 /* PWSimpleCalendarView.m */,
				8E184669292CE51000B27B65 /* PWSimpleCalendar.h */,
				8E18466A292CE51000B27B65 /* PWSimpleCalendarViewHeader.h */,
				8E18466B292CE51000B27B65 /* PWSimpleCalendarViewWeekdayHeader.h */,
				8E18466C292CE51000B27B65 /* PWSimpleCalendarViewCell.h */,
				8E18466D292CE51000B27B65 /* PWSimpleCalendarView.h */,
				8E18466E292CE51000B27B65 /* PWSimpleCalendarViewFlowLayout.h */,
				8E18466F292CE51000B27B65 /* PWSimpleCalendarViewCell.m */,
				8E184670292CE51000B27B65 /* PWSimpleCalendarViewWeekdayHeader.m */,
				8E184671292CE51000B27B65 /* PWSimpleCalendarViewHeader.m */,
			);
			name = PWSimpleCalendar;
			path = ../../PWSimpleCalendar;
			sourceTree = "<group>";
		};
		8EB83EBE2927A0DC009B8762 = {
			isa = PBXGroup;
			children = (
				8EB83EC92927A0DC009B8762 /* CalendarDemo */,
				8EB83EE52927A0DC009B8762 /* CalendarDemoTests */,
				8EB83EEF2927A0DD009B8762 /* CalendarDemoUITests */,
				8EB83EC82927A0DC009B8762 /* Products */,
			);
			sourceTree = "<group>";
		};
		8EB83EC82927A0DC009B8762 /* Products */ = {
			isa = PBXGroup;
			children = (
				8EB83EC72927A0DC009B8762 /* CalendarDemo.app */,
				8EB83EE22927A0DC009B8762 /* CalendarDemoTests.xctest */,
				8EB83EEC2927A0DD009B8762 /* CalendarDemoUITests.xctest */,
			);
			name = Products;
			sourceTree = "<group>";
		};
		8EB83EC92927A0DC009B8762 /* CalendarDemo */ = {
			isa = PBXGroup;
			children = (
				8E184666292CE51000B27B65 /* PWSimpleCalendar */,
				8EB83ECA2927A0DC009B8762 /* AppDelegate.h */,
				8EB83ECB2927A0DC009B8762 /* AppDelegate.m */,
				8EB83ECD2927A0DC009B8762 /* SceneDelegate.h */,
				8EB83ECE2927A0DC009B8762 /* SceneDelegate.m */,
				8EB83ED02927A0DC009B8762 /* ViewController.h */,
				8EB83ED12927A0DC009B8762 /* ViewController.m */,
				8EB83ED32927A0DC009B8762 /* Main.storyboard */,
				8EB83ED62927A0DC009B8762 /* Assets.xcassets */,
				8EB83ED82927A0DC009B8762 /* LaunchScreen.storyboard */,
				8EB83EDB2927A0DC009B8762 /* Info.plist */,
				8EB83EDC2927A0DC009B8762 /* main.m */,
			);
			path = CalendarDemo;
			sourceTree = "<group>";
		};
		8EB83EE52927A0DC009B8762 /* CalendarDemoTests */ = {
			isa = PBXGroup;
			children = (
				8EB83EE62927A0DC009B8762 /* CalendarDemoTests.m */,
			);
			path = CalendarDemoTests;
			sourceTree = "<group>";
		};
		8EB83EEF2927A0DD009B8762 /* CalendarDemoUITests */ = {
			isa = PBXGroup;
			children = (
				8EB83EF02927A0DD009B8762 /* CalendarDemoUITests.m */,
				8EB83EF22927A0DD009B8762 /* CalendarDemoUITestsLaunchTests.m */,
			);
			path = CalendarDemoUITests;
			sourceTree = "<group>";
		};
/* End PBXGroup section */

/* Begin PBXNativeTarget section */
		8EB83EC62927A0DC009B8762 /* CalendarDemo */ = {
			isa = PBXNativeTarget;
			buildConfigurationList = 8EB83EF62927A0DD009B8762 /* Build configuration list for PBXNativeTarget "CalendarDemo" */;
			buildPhases = (
				8EB83EC32927A0DC009B8762 /* Sources */,
				8EB83EC42927A0DC009B8762 /* Frameworks */,
				8EB83EC52927A0DC009B8762 /* Resources */,
			);
			buildRules = (
			);
			dependencies = (
			);
			name = CalendarDemo;
			productName = CalendarDemo;
			productReference = 8EB83EC72927A0DC009B8762 /* CalendarDemo.app */;
			productType = "com.apple.product-type.application";
		};
		8EB83EE12927A0DC009B8762 /* CalendarDemoTests */ = {
			isa = PBXNativeTarget;
			buildConfigurationList = 8EB83EF92927A0DD009B8762 /* Build configuration list for PBXNativeTarget "CalendarDemoTests" */;
			buildPhases = (
				8EB83EDE2927A0DC009B8762 /* Sources */,
				8EB83EDF2927A0DC009B8762 /* Frameworks */,
				8EB83EE02927A0DC009B8762 /* Resources */,
			);
			buildRules = (
			);
			dependencies = (
				8EB83EE42927A0DC009B8762 /* PBXTargetDependency */,
			);
			name = CalendarDemoTests;
			productName = CalendarDemoTests;
			productReference = 8EB83EE22927A0DC009B8762 /* CalendarDemoTests.xctest */;
			productType = "com.apple.product-type.bundle.unit-test";
		};
		8EB83EEB2927A0DD009B8762 /* CalendarDemoUITests */ = {
			isa = PBXNativeTarget;
			buildConfigurationList = 8EB83EFC2927A0DD009B8762 /* Build configuration list for PBXNativeTarget "CalendarDemoUITests" */;
			buildPhases = (
				8EB83EE82927A0DD009B8762 /* Sources */,
				8EB83EE92927A0DD009B8762 /* Frameworks */,
				8EB83EEA2927A0DD009B8762 /* Resources */,
			);
			buildRules = (
			);
			dependencies = (
				8EB83EEE2927A0DD009B8762 /* PBXTargetDependency */,
			);
			name = CalendarDemoUITests;
			productName = CalendarDemoUITests;
			productReference = 8EB83EEC2927A0DD009B8762 /* CalendarDemoUITests.xctest */;
			productType = "com.apple.product-type.bundle.ui-testing";
		};
/* End PBXNativeTarget section */

/* Begin PBXProject section */
		8EB83EBF2927A0DC009B8762 /* Project object */ = {
			isa = PBXProject;
			attributes = {
				BuildIndependentTargetsInParallel = 1;
				LastUpgradeCheck = 1400;
				TargetAttributes = {
					8EB83EC62927A0DC009B8762 = {
						CreatedOnToolsVersion = 14.0.1;
					};
					8EB83EE12927A0DC009B8762 = {
						CreatedOnToolsVersion = 14.0.1;
						TestTargetID = 8EB83EC62927A0DC009B8762;
					};
					8EB83EEB2927A0DD009B8762 = {
						CreatedOnToolsVersion = 14.0.1;
						TestTargetID = 8EB83EC62927A0DC009B8762;
					};
				};
			};
			buildConfigurationList = 8EB83EC22927A0DC009B8762 /* Build configuration list for PBXProject "CalendarDemo" */;
			compatibilityVersion = "Xcode 14.0";
			developmentRegion = en;
			hasScannedForEncodings = 0;
			knownRegions = (
				en,
				Base,
			);
			mainGroup = 8EB83EBE2927A0DC009B8762;
			productRefGroup = 8EB83EC82927A0DC009B8762 /* Products */;
			projectDirPath = "";
			projectRoot = "";
			targets = (
				8EB83EC62927A0DC009B8762 /* CalendarDemo */,
				8EB83EE12927A0DC009B8762 /* CalendarDemoTests */,
				8EB83EEB2927A0DD009B8762 /* CalendarDemoUITests */,
			);
		};
/* End PBXProject section */

/* Begin PBXResourcesBuildPhase section */
		8EB83EC52927A0DC009B8762 /* Resources */ = {
			isa = PBXResourcesBuildPhase;
			buildActionMask = 2147483647;
			files = (
				8EB83EDA2927A0DC009B8762 /* LaunchScreen.storyboard in Resources */,
				8EB83ED72927A0DC009B8762 /* Assets.xcassets in Resources */,
				8EB83ED52927A0DC009B8762 /* Main.storyboard in Resources */,
			);
			runOnlyForDeploymentPostprocessing = 0;
		};
		8EB83EE02927A0DC009B8762 /* Resources */ = {
			isa = PBXResourcesBuildPhase;
			buildActionMask = 2147483647;
			files = (
			);
			runOnlyForDeploymentPostprocessing = 0;
		};
		8EB83EEA2927A0DD009B8762 /* Resources */ = {
			isa = PBXResourcesBuildPhase;
			buildActionMask = 2147483647;
			files = (
			);
			runOnlyForDeploymentPostprocessing = 0;
		};
/* End PBXResourcesBuildPhase section */

/* Begin PBXSourcesBuildPhase section */
		8EB83EC32927A0DC009B8762 /* Sources */ = {
			isa = PBXSourcesBuildPhase;
			buildActionMask = 2147483647;
			files = (
				8E184676292CE51000B27B65 /* PWSimpleCalendarViewHeader.m in Sources */,
				8EB83ED22927A0DC009B8762 /* ViewController.m in Sources */,
				8E184674292CE51000B27B65 /* PWSimpleCalendarViewCell.m in Sources */,
				8EB83ECC2927A0DC009B8762 /* AppDelegate.m in Sources */,
				8E184672292CE51000B27B65 /* PWSimpleCalendarViewFlowLayout.m in Sources */,
				8EB83EDD2927A0DC009B8762 /* main.m in Sources */,
				8EB83ECF2927A0DC009B8762 /* SceneDelegate.m in Sources */,
				8E184673292CE51000B27B65 /* PWSimpleCalendarView.m in Sources */,
				8E184675292CE51000B27B65 /* PWSimpleCalendarViewWeekdayHeader.m in Sources */,
			);
			runOnlyForDeploymentPostprocessing = 0;
		};
		8EB83EDE2927A0DC009B8762 /* Sources */ = {
			isa = PBXSourcesBuildPhase;
			buildActionMask = 2147483647;
			files = (
				8EB83EE72927A0DC009B8762 /* CalendarDemoTests.m in Sources */,
			);
			runOnlyForDeploymentPostprocessing = 0;
		};
		8EB83EE82927A0DD009B8762 /* Sources */ = {
			isa = PBXSourcesBuildPhase;
			buildActionMask = 2147483647;
			files = (
				8EB83EF32927A0DD009B8762 /* CalendarDemoUITestsLaunchTests.m in Sources */,
				8EB83EF12927A0DD009B8762 /* CalendarDemoUITests.m in Sources */,
			);
			runOnlyForDeploymentPostprocessing = 0;
		};
/* End PBXSourcesBuildPhase section */

/* Begin PBXTargetDependency section */
		8EB83EE42927A0DC009B8762 /* PBXTargetDependency */ = {
			isa = PBXTargetDependency;
			target = 8EB83EC62927A0DC009B8762 /* CalendarDemo */;
			targetProxy = 8EB83EE32927A0DC009B8762 /* PBXContainerItemProxy */;
		};
		8EB83EEE2927A0DD009B8762 /* PBXTargetDependency */ = {
			isa = PBXTargetDependency;
			target = 8EB83EC62927A0DC009B8762 /* CalendarDemo */;
			targetProxy = 8EB83EED2927A0DD009B8762 /* PBXContainerItemProxy */;
		};
/* End PBXTargetDependency section */

/* Begin PBXVariantGroup section */
		8EB83ED32927A0DC009B8762 /* Main.storyboard */ = {
			isa = PBXVariantGroup;
			children = (
				8EB83ED42927A0DC009B8762 /* Base */,
			);
			name = Main.storyboard;
			sourceTree = "<group>";
		};
		8EB83ED82927A0DC009B8762 /* LaunchScreen.storyboard */ = {
			isa = PBXVariantGroup;
			children = (
				8EB83ED92927A0DC009B8762 /* Base */,
			);
			name = LaunchScreen.storyboard;
			sourceTree = "<group>";
		};
/* End PBXVariantGroup section */

/* Begin XCBuildConfiguration section */
		8EB83EF42927A0DD009B8762 /* Debug */ = {
			isa = XCBuildConfiguration;
			buildSettings = {
				ALWAYS_SEARCH_USER_PATHS = NO;
				CLANG_ANALYZER_NONNULL = YES;
				CLANG_ANALYZER_NUMBER_OBJECT_CONVERSION = YES_AGGRESSIVE;
				CLANG_CXX_LANGUAGE_STANDARD = "gnu++20";
				CLANG_ENABLE_MODULES = YES;
				CLANG_ENABLE_OBJC_ARC = YES;
				CLANG_ENABLE_OBJC_WEAK = YES;
				CLANG_WARN_BLOCK_CAPTURE_AUTORELEASING = YES;
				CLANG_WARN_BOOL_CONVERSION = YES;
				CLANG_WARN_COMMA = YES;
				CLANG_WARN_CONSTANT_CONVERSION = YES;
				CLANG_WARN_DEPRECATED_OBJC_IMPLEMENTATIONS = YES;
				CLANG_WARN_DIRECT_OBJC_ISA_USAGE = YES_ERROR;
				CLANG_WARN_DOCUMENTATION_COMMENTS = YES;
				CLANG_WARN_EMPTY_BODY = YES;
				CLANG_WARN_ENUM_CONVERSION = YES;
				CLANG_WARN_INFINITE_RECURSION = YES;
				CLANG_WARN_INT_CONVERSION = YES;
				CLANG_WARN_NON_LITERAL_NULL_CONVERSION = YES;
				CLANG_WARN_OBJC_IMPLICIT_RETAIN_SELF = YES;
				CLANG_WARN_OBJC_LITERAL_CONVERSION = YES;
				CLANG_WARN_OBJC_ROOT_CLASS = YES_ERROR;
				CLANG_WARN_QUOTED_INCLUDE_IN_FRAMEWORK_HEADER = YES;
				CLANG_WARN_RANGE_LOOP_ANALYSIS = YES;
				CLANG_WARN_STRICT_PROTOTYPES = YES;
				CLANG_WARN_SUSPICIOUS_MOVE = YES;
				CLANG_WARN_UNGUARDED_AVAILABILITY = YES_AGGRESSIVE;
				CLANG_WARN_UNREACHABLE_CODE = YES;
				CLANG_WARN__DUPLICATE_METHOD_MATCH = YES;
				COPY_PHASE_STRIP = NO;
				DEBUG_INFORMATION_FORMAT = dwarf;
				ENABLE_STRICT_OBJC_MSGSEND = YES;
				ENABLE_TESTABILITY = YES;
				GCC_C_LANGUAGE_STANDARD = gnu11;
				GCC_DYNAMIC_NO_PIC = NO;
				GCC_NO_COMMON_BLOCKS = YES;
				GCC_OPTIMIZATION_LEVEL = 0;
				GCC_PREPROCESSOR_DEFINITIONS = (
					"DEBUG=1",
					"$(inherited)",
				);
				GCC_WARN_64_TO_32_BIT_CONVERSION = YES;
				GCC_WARN_ABOUT_RETURN_TYPE = YES_ERROR;
				GCC_WARN_UNDECLARED_SELECTOR = YES;
				GCC_WARN_UNINITIALIZED_AUTOS = YES_AGGRESSIVE;
				GCC_WARN_UNUSED_FUNCTION = YES;
				GCC_WARN_UNUSED_VARIABLE = YES;
				IPHONEOS_DEPLOYMENT_TARGET = 16.0;
				MTL_ENABLE_DEBUG_INFO = INCLUDE_SOURCE;
				MTL_FAST_MATH = YES;
				ONLY_ACTIVE_ARCH = YES;
				SDKROOT = iphoneos;
			};
			name = Debug;
		};
		8EB83EF52927A0DD009B8762 /* Release */ = {
			isa = XCBuildConfiguration;
			buildSettings = {
				ALWAYS_SEARCH_USER_PATHS = NO;
				CLANG_ANALYZER_NONNULL = YES;
				CLANG_ANALYZER_NUMBER_OBJECT_CONVERSION = YES_AGGRESSIVE;
				CLANG_CXX_LANGUAGE_STANDARD = "gnu++20";
				CLANG_ENABLE_MODULES = YES;
				CLANG_ENABLE_OBJC_ARC = YES;
				CLANG_ENABLE_OBJC_WEAK = YES;
				CLANG_WARN_BLOCK_CAPTURE_AUTORELEASING = YES;
				CLANG_WARN_BOOL_CONVERSION = YES;
				CLANG_WARN_COMMA = YES;
				CLANG_WARN_CONSTANT_CONVERSION = YES;
				CLANG_WARN_DEPRECATED_OBJC_IMPLEMENTATIONS = YES;
				CLANG_WARN_DIRECT_OBJC_ISA_USAGE = YES_ERROR;
				CLANG_WARN_DOCUMENTATION_COMMENTS = YES;
				CLANG_WARN_EMPTY_BODY = YES;
				CLANG_WARN_ENUM_CONVERSION = YES;
				CLANG_WARN_INFINITE_RECURSION = YES;
				CLANG_WARN_INT_CONVERSION = YES;
				CLANG_WARN_NON_LITERAL_NULL_CONVERSION = YES;
				CLANG_WARN_OBJC_IMPLICIT_RETAIN_SELF = YES;
				CLANG_WARN_OBJC_LITERAL_CONVERSION = YES;
				CLANG_WARN_OBJC_ROOT_CLASS = YES_ERROR;
				CLANG_WARN_QUOTED_INCLUDE_IN_FRAMEWORK_HEADER = YES;
				CLANG_WARN_RANGE_LOOP_ANALYSIS = YES;
				CLANG_WARN_STRICT_PROTOTYPES = YES;
				CLANG_WARN_SUSPICIOUS_MOVE = YES;
				CLANG_WARN_UNGUARDED_AVAILABILITY = YES_AGGRESSIVE;
				CLANG_WARN_UNREACHABLE_CODE = YES;
				CLANG_WARN__DUPLICATE_METHOD_MATCH = YES;
				COPY_PHASE_STRIP = NO;
				DEBUG_INFORMATION_FORMAT = "dwarf-with-dsym";
				ENABLE_NS_ASSERTIONS = NO;
				ENABLE_STRICT_OBJC_MSGSEND = YES;
				GCC_C_LANGUAGE_STANDARD = gnu11;
				GCC_NO_COMMON_BLOCKS = YES;
				GCC_WARN_64_TO_32_BIT_CONVERSION = YES;
				GCC_WARN_ABOUT_RETURN_TYPE = YES_ERROR;
				GCC_WARN_UNDECLARED_SELECTOR = YES;
				GCC_WARN_UNINITIALIZED_AUTOS = YES_AGGRESSIVE;
				GCC_WARN_UNUSED_FUNCTION = YES;
				GCC_WARN_UNUSED_VARIABLE = YES;
				IPHONEOS_DEPLOYMENT_TARGET = 16.0;
				MTL_ENABLE_DEBUG_INFO = NO;
				MTL_FAST_MATH = YES;
				SDKROOT = iphoneos;
				VALIDATE_PRODUCT = YES;
			};
			name = Release;
		};
		8EB83EF72927A0DD009B8762 /* Debug */ = {
			isa = XCBuildConfiguration;
			buildSettings = {
				ASSETCATALOG_COMPILER_APPICON_NAME = AppIcon;
				ASSETCATALOG_COMPILER_GLOBAL_ACCENT_COLOR_NAME = AccentColor;
				CODE_SIGN_IDENTITY = "Apple Development";
				CODE_SIGN_STYLE = Automatic;
				CURRENT_PROJECT_VERSION = 1;
				DEVELOPMENT_TEAM = YMJK3GRY73;
				GENERATE_INFOPLIST_FILE = YES;
				INFOPLIST_FILE = CalendarDemo/Info.plist;
				INFOPLIST_KEY_UIApplicationSupportsIndirectInputEvents = YES;
				INFOPLIST_KEY_UILaunchStoryboardName = LaunchScreen;
				INFOPLIST_KEY_UIMainStoryboardFile = Main;
				INFOPLIST_KEY_UISupportedInterfaceOrientations_iPad = "UIInterfaceOrientationPortrait UIInterfaceOrientationPortraitUpsideDown UIInterfaceOrientationLandscapeLeft UIInterfaceOrientationLandscapeRight";
				INFOPLIST_KEY_UISupportedInterfaceOrientations_iPhone = "UIInterfaceOrientationPortrait UIInterfaceOrientationLandscapeLeft UIInterfaceOrientationLandscapeRight";
				IPHONEOS_DEPLOYMENT_TARGET = 12.0;
				LD_RUNPATH_SEARCH_PATHS = (
					"$(inherited)",
					"@executable_path/Frameworks",
				);
				MARKETING_VERSION = 1.0;
				PRODUCT_BUNDLE_IDENTIFIER = demo.yangjie.com.CalendarDemo;
				PRODUCT_NAME = "$(TARGET_NAME)";
				PROVISIONING_PROFILE_SPECIFIER = "";
				SWIFT_EMIT_LOC_STRINGS = YES;
				TARGETED_DEVICE_FAMILY = "1,2";
			};
			name = Debug;
		};
		8EB83EF82927A0DD009B8762 /* Release */ = {
			isa = XCBuildConfiguration;
			buildSettings = {
				ASSETCATALOG_COMPILER_APPICON_NAME = AppIcon;
				ASSETCATALOG_COMPILER_GLOBAL_ACCENT_COLOR_NAME = AccentColor;
				CODE_SIGN_IDENTITY = "Apple Development";
				CODE_SIGN_STYLE = Automatic;
				CURRENT_PROJECT_VERSION = 1;
				DEVELOPMENT_TEAM = YMJK3GRY73;
				GENERATE_INFOPLIST_FILE = YES;
				INFOPLIST_FILE = CalendarDemo/Info.plist;
				INFOPLIST_KEY_UIApplicationSupportsIndirectInputEvents = YES;
				INFOPLIST_KEY_UILaunchStoryboardName = LaunchScreen;
				INFOPLIST_KEY_UIMainStoryboardFile = Main;
				INFOPLIST_KEY_UISupportedInterfaceOrientations_iPad = "UIInterfaceOrientationPortrait UIInterfaceOrientationPortraitUpsideDown UIInterfaceOrientationLandscapeLeft UIInterfaceOrientationLandscapeRight";
				INFOPLIST_KEY_UISupportedInterfaceOrientations_iPhone = "UIInterfaceOrientationPortrait UIInterfaceOrientationLandscapeLeft UIInterfaceOrientationLandscapeRight";
				IPHONEOS_DEPLOYMENT_TARGET = 12.0;
				LD_RUNPATH_SEARCH_PATHS = (
					"$(inherited)",
					"@executable_path/Frameworks",
				);
				MARKETING_VERSION = 1.0;
				PRODUCT_BUNDLE_IDENTIFIER = demo.yangjie.com.CalendarDemo;
				PRODUCT_NAME = "$(TARGET_NAME)";
				PROVISIONING_PROFILE_SPECIFIER = "";
				SWIFT_EMIT_LOC_STRINGS = YES;
				TARGETED_DEVICE_FAMILY = "1,2";
			};
			name = Release;
		};
		8EB83EFA2927A0DD009B8762 /* Debug */ = {
			isa = XCBuildConfiguration;
			buildSettings = {
				BUNDLE_LOADER = "$(TEST_HOST)";
				CODE_SIGN_STYLE = Automatic;
				CURRENT_PROJECT_VERSION = 1;
				DEVELOPMENT_TEAM = YMJK3GRY73;
				GENERATE_INFOPLIST_FILE = YES;
				IPHONEOS_DEPLOYMENT_TARGET = 16.0;
				MARKETING_VERSION = 1.0;
				PRODUCT_BUNDLE_IDENTIFIER = demo.yangjie.com.CalendarDemoTests;
				PRODUCT_NAME = "$(TARGET_NAME)";
				SWIFT_EMIT_LOC_STRINGS = NO;
				TARGETED_DEVICE_FAMILY = "1,2";
				TEST_HOST = "$(BUILT_PRODUCTS_DIR)/CalendarDemo.app/$(BUNDLE_EXECUTABLE_FOLDER_PATH)/CalendarDemo";
			};
			name = Debug;
		};
		8EB83EFB2927A0DD009B8762 /* Release */ = {
			isa = XCBuildConfiguration;
			buildSettings = {
				BUNDLE_LOADER = "$(TEST_HOST)";
				CODE_SIGN_STYLE = Automatic;
				CURRENT_PROJECT_VERSION = 1;
				DEVELOPMENT_TEAM = YMJK3GRY73;
				GENERATE_INFOPLIST_FILE = YES;
				IPHONEOS_DEPLOYMENT_TARGET = 16.0;
				MARKETING_VERSION = 1.0;
				PRODUCT_BUNDLE_IDENTIFIER = demo.yangjie.com.CalendarDemoTests;
				PRODUCT_NAME = "$(TARGET_NAME)";
				SWIFT_EMIT_LOC_STRINGS = NO;
				TARGETED_DEVICE_FAMILY = "1,2";
				TEST_HOST = "$(BUILT_PRODUCTS_DIR)/CalendarDemo.app/$(BUNDLE_EXECUTABLE_FOLDER_PATH)/CalendarDemo";
			};
			name = Release;
		};
		8EB83EFD2927A0DD009B8762 /* Debug */ = {
			isa = XCBuildConfiguration;
			buildSettings = {
				CODE_SIGN_STYLE = Automatic;
				CURRENT_PROJECT_VERSION = 1;
				DEVELOPMENT_TEAM = YMJK3GRY73;
				GENERATE_INFOPLIST_FILE = YES;
				MARKETING_VERSION = 1.0;
				PRODUCT_BUNDLE_IDENTIFIER = demo.yangjie.com.CalendarDemoUITests;
				PRODUCT_NAME = "$(TARGET_NAME)";
				SWIFT_EMIT_LOC_STRINGS = NO;
				TARGETED_DEVICE_FAMILY = "1,2";
				TEST_TARGET_NAME = CalendarDemo;
			};
			name = Debug;
		};
		8EB83EFE2927A0DD009B8762 /* Release */ = {
			isa = XCBuildConfiguration;
			buildSettings = {
				CODE_SIGN_STYLE = Automatic;
				CURRENT_PROJECT_VERSION = 1;
				DEVELOPMENT_TEAM = YMJK3GRY73;
				GENERATE_INFOPLIST_FILE = YES;
				MARKETING_VERSION = 1.0;
				PRODUCT_BUNDLE_IDENTIFIER = demo.yangjie.com.CalendarDemoUITests;
				PRODUCT_NAME = "$(TARGET_NAME)";
				SWIFT_EMIT_LOC_STRINGS = NO;
				TARGETED_DEVICE_FAMILY = "1,2";
				TEST_TARGET_NAME = CalendarDemo;
			};
			name = Release;
		};
/* End XCBuildConfiguration section */

/* Begin XCConfigurationList section */
		8EB83EC22927A0DC009B8762 /* Build configuration list for PBXProject "CalendarDemo" */ = {
			isa = XCConfigurationList;
			buildConfigurations = (
				8EB83EF42927A0DD009B8762 /* Debug */,
				8EB83EF52927A0DD009B8762 /* Release */,
			);
			defaultConfigurationIsVisible = 0;
			defaultConfigurationName = Release;
		};
		8EB83EF62927A0DD009B8762 /* Build configuration list for PBXNativeTarget "CalendarDemo" */ = {
			isa = XCConfigurationList;
			buildConfigurations = (
				8EB83EF72927A0DD009B8762 /* Debug */,
				8EB83EF82927A0DD009B8762 /* Release */,
			);
			defaultConfigurationIsVisible = 0;
			defaultConfigurationName = Release;
		};
		8EB83EF92927A0DD009B8762 /* Build configuration list for PBXNativeTarget "CalendarDemoTests" */ = {
			isa = XCConfigurationList;
			buildConfigurations = (
				8EB83EFA2927A0DD009B8762 /* Debug */,
				8EB83EFB2927A0DD009B8762 /* Release */,
			);
			defaultConfigurationIsVisible = 0;
			defaultConfigurationName = Release;
		};
		8EB83EFC2927A0DD009B8762 /* Build configuration list for PBXNativeTarget "CalendarDemoUITests" */ = {
			isa = XCConfigurationList;
			buildConfigurations = (
				8EB83EFD2927A0DD009B8762 /* Debug */,
				8EB83EFE2927A0DD009B8762 /* Release */,
			);
			defaultConfigurationIsVisible = 0;
			defaultConfigurationName = Release;
		};
/* End XCConfigurationList section */
	};
	rootObject = 8EB83EBF2927A0DC009B8762 /* Project object */;
}
